// !$*UTF8*$!
{
	archiveVersion = 1;
	classes = {
	};
	objectVersion = 46;
	objects = {

/* Begin PBXBuildFile section */
		801D2BBF1DF0088F00085A02 /* AppDelegate.swift in Sources */ = {isa = PBXBuildFile; fileRef = 801D2BBE1DF0088F00085A02 /* AppDelegate.swift */; };
		801D2BC11DF0088F00085A02 /* ViewController.swift in Sources */ = {isa = PBXBuildFile; fileRef = 801D2BC01DF0088F00085A02 /* ViewController.swift */; };
		801D2BC41DF0088F00085A02 /* Main.storyboard in Resources */ = {isa = PBXBuildFile; fileRef = 801D2BC21DF0088F00085A02 /* Main.storyboard */; };
		801D2BC61DF0088F00085A02 /* Assets.xcassets in Resources */ = {isa = PBXBuildFile; fileRef = 801D2BC51DF0088F00085A02 /* Assets.xcassets */; };
		801D2BC91DF0088F00085A02 /* LaunchScreen.storyboard in Resources */ = {isa = PBXBuildFile; fileRef = 801D2BC71DF0088F00085A02 /* LaunchScreen.storyboard */; };
/* End PBXBuildFile section */

/* Begin PBXFileReference section */
		801D2BBB1DF0088F00085A02 /* doesntmatter.app */ = {isa = PBXFileReference; explicitFileType = wrapper.application; includeInIndex = 0; path = doesntmatter.app; sourceTree = BUILT_PRODUCTS_DIR; };
		801D2BBE1DF0088F00085A02 /* AppDelegate.swift */ = {isa = PBXFileReference; lastKnownFileType = sourcecode.swift; path = AppDelegate.swift; sourceTree = "<group>"; };
		801D2BC01DF0088F00085A02 /* ViewController.swift */ = {isa = PBXFileReference; lastKnownFileType = sourcecode.swift; path = ViewController.swift; sourceTree = "<group>"; };
		801D2BC31DF0088F00085A02 /* Base */ = {isa = PBXFileReference; lastKnownFileType = file.storyboard; name = Base; path = Base.lproj/Main.storyboard; sourceTree = "<group>"; };
		801D2BC51DF0088F00085A02 /* Assets.xcassets */ = {isa = PBXFileReference; lastKnownFileType = folder.assetcatalog; path = Assets.xcassets; sourceTree = "<group>"; };
		801D2BC81DF0088F00085A02 /* Base */ = {isa = PBXFileReference; lastKnownFileType = file.storyboard; name = Base; path = Base.lproj/LaunchScreen.storyboard; sourceTree = "<group>"; };
		801D2BCA1DF0088F00085A02 /* Info.plist */ = {isa = PBXFileReference; lastKnownFileType = text.plist.xml; path = Info.plist; sourceTree = "<group>"; };
/* End PBXFileReference section */

/* Begin PBXFrameworksBuildPhase section */
		801D2BB81DF0088F00085A02 /* Frameworks */ = {
			isa = PBXFrameworksBuildPhase;
			buildActionMask = 2147483647;
			files = (
			);
			runOnlyForDeploymentPostprocessing = 0;
		};
/* End PBXFrameworksBuildPhase section */

/* Begin PBXGroup section */
		801D2BB21DF0088F00085A02 = {
			isa = PBXGroup;
			children = (
				801D2BBD1DF0088F00085A02 /* doesntmatter */,
				801D2BBC1DF0088F00085A02 /* Products */,
			);
			sourceTree = "<group>";
		};
		801D2BBC1DF0088F00085A02 /* Products */ = {
			isa = PBXGroup;
			children = (
				801D2BBB1DF0088F00085A02 /* doesntmatter.app */,
			);
			name = Products;
			sourceTree = "<group>";
		};
		801D2BBD1DF0088F00085A02 /* doesntmatter */ = {
			isa = PBXGroup;
			children = (
				801D2BBE1DF0088F00085A02 /* AppDelegate.swift */,
				801D2BC01DF0088F00085A02 /* ViewController.swift */,
				801D2BC21DF0088F00085A02 /* Main.storyboard */,
				801D2BC51DF0088F00085A02 /* Assets.xcassets */,
				801D2BC71DF0088F00085A02 /* LaunchScreen.storyboard */,
				801D2BCA1DF0088F00085A02 /* Info.plist */,
			);
			path = doesntmatter;
			sourceTree = "<group>";
		};
/* End PBXGroup section */

/* Begin PBXNativeTarget section */
		801D2BBA1DF0088F00085A02 /* doesntmatter */ = {
			isa = PBXNativeTarget;
			buildConfigurationList = 801D2BCD1DF0088F00085A02 /* Build configuration list for PBXNativeTarget "doesntmatter" */;
			buildPhases = (
				801D2BB71DF0088F00085A02 /* Sources */,
				801D2BB81DF0088F00085A02 /* Frameworks */,
				801D2BB91DF0088F00085A02 /* Resources */,
			);
			buildRules = (
			);
			dependencies = (
			);
			name = doesntmatter;
			productName = doesntmatter;
			productReference = 801D2BBB1DF0088F00085A02 /* doesntmatter.app */;
			productType = "com.apple.product-type.application";
		};
/* End PBXNativeTarget section */

/* Begin PBXProject section */
		801D2BB31DF0088F00085A02 /* Project object */ = {
			isa = PBXProject;
			attributes = {
				LastSwiftUpdateCheck = 0810;
				LastUpgradeCheck = 0810;
				ORGANIZATIONNAME = "Mark Krawczuk";
				TargetAttributes = {
					801D2BBA1DF0088F00085A02 = {
						CreatedOnToolsVersion = 8.1;
						ProvisioningStyle = Automatic;
					};
				};
			};
			buildConfigurationList = 801D2BB61DF0088F00085A02 /* Build configuration list for PBXProject "doesntmatter" */;
			compatibilityVersion = "Xcode 3.2";
			developmentRegion = English;
			hasScannedForEncodings = 0;
			knownRegions = (
				en,
				Base,
			);
			mainGroup = 801D2BB21DF0088F00085A02;
			productRefGroup = 801D2BBC1DF0088F00085A02 /* Products */;
			projectDirPath = "";
			projectRoot = "";
			targets = (
				801D2BBA1DF0088F00085A02 /* doesntmatter */,
			);
		};
/* End PBXProject section */

/* Begin PBXResourcesBuildPhase section */
		801D2BB91DF0088F00085A02 /* Resources */ = {
			isa = PBXResourcesBuildPhase;
			buildActionMask = 2147483647;
			files = (
				801D2BC91DF0088F00085A02 /* LaunchScreen.storyboard in Resources */,
				801D2BC61DF0088F00085A02 /* Assets.xcassets in Resources */,
				801D2BC41DF0088F00085A02 /* Main.storyboard in Resources */,
			);
			runOnlyForDeploymentPostprocessing = 0;
		};
/* End PBXResourcesBuildPhase section */

/* Begin PBXSourcesBuildPhase section */
		801D2BB71DF0088F00085A02 /* Sources */ = {
			isa = PBXSourcesBuildPhase;
			buildActionMask = 2147483647;
			files = (
				801D2BC11DF0088F00085A02 /* ViewController.swift in Sources */,
				801D2BBF1DF0088F00085A02 /* AppDelegate.swift in Sources */,
			);
			runOnlyForDeploymentPostprocessing = 0;
		};
/* End PBXSourcesBuildPhase section */

/* Begin PBXVariantGroup section */
		801D2BC21DF0088F00085A02 /* Main.storyboard */ = {
			isa = PBXVariantGroup;
			children = (
				801D2BC31DF0088F00085A02 /* Base */,
			);
			name = Main.storyboard;
			sourceTree = "<group>";
		};
		801D2BC71DF0088F00085A02 /* LaunchScreen.storyboard */ = {
			isa = PBXVariantGroup;
			children = (
				801D2BC81DF0088F00085A02 /* Base */,
			);
			name = LaunchScreen.storyboard;
			sourceTree = "<group>";
		};
/* End PBXVariantGroup section */

/* Begin XCBuildConfiguration section */
		801D2BCB1DF0088F00085A02 /* Debug */ = {
			isa = XCBuildConfiguration;
			buildSettings = {
				ALWAYS_SEARCH_USER_PATHS = NO;
				CLANG_ANALYZER_NONNULL = YES;
				CLANG_CXX_LANGUAGE_STANDARD = "gnu++0x";
				CLANG_CXX_LIBRARY = "libc++";
				CLANG_ENABLE_MODULES = YES;
				CLANG_ENABLE_OBJC_ARC = YES;
				CLANG_WARN_BOOL_CONVERSION = YES;
				CLANG_WARN_CONSTANT_CONVERSION = YES;
				CLANG_WARN_DIRECT_OBJC_ISA_USAGE = YES_ERROR;
				CLANG_WARN_DOCUMENTATION_COMMENTS = YES;
				CLANG_WARN_EMPTY_BODY = YES;
				CLANG_WARN_ENUM_CONVERSION = YES;
				CLANG_WARN_INFINITE_RECURSION = YES;
				CLANG_WARN_INT_CONVERSION = YES;
				CLANG_WARN_OBJC_ROOT_CLASS = YES_ERROR;
				CLANG_WARN_SUSPICIOUS_MOVES = YES;
				CLANG_WARN_UNREACHABLE_CODE = YES;
				CLANG_WARN__DUPLICATE_METHOD_MATCH = YES;
				"CODE_SIGN_IDENTITY[sdk=iphoneos*]" = "iPhone Developer";
				COPY_PHASE_STRIP = NO;
				DEBUG_INFORMATION_FORMAT = dwarf;
				ENABLE_STRICT_OBJC_MSGSEND = YES;
				ENABLE_TESTABILITY = YES;
				GCC_C_LANGUAGE_STANDARD = gnu99;
				GCC_DYNAMIC_NO_PIC = NO;
				GCC_NO_COMMON_BLOCKS = YES;
				GCC_OPTIMIZATION_LEVEL = 0;
				GCC_PREPROCESSOR_DEFINITIONS = (
					"DEBUG=1",
					"$(inherited)",
				);
				GCC_WARN_64_TO_32_BIT_CONVERSION = YES;
				GCC_WARN_ABOUT_RETURN_TYPE = YES_ERROR;
				GCC_WARN_UNDECLARED_SELECTOR = YES;
				GCC_WARN_UNINITIALIZED_AUTOS = YES_AGGRESSIVE;
				GCC_WARN_UNUSED_FUNCTION = YES;
				GCC_WARN_UNUSED_VARIABLE = YES;
				IPHONEOS_DEPLOYMENT_TARGET = 10.1;
				MTL_ENABLE_DEBUG_INFO = YES;
				ONLY_ACTIVE_ARCH = YES;
				SDKROOT = iphoneos;
				SWIFT_ACTIVE_COMPILATION_CONDITIONS = DEBUG;
				SWIFT_OPTIMIZATION_LEVEL = "-Onone";
				TARGETED_DEVICE_FAMILY = "1,2";
			};
			name = Debug;
		};
		801D2BCC1DF0088F00085A02 /* Release */ = {
			isa = XCBuildConfiguration;
			buildSettings = {
				ALWAYS_SEARCH_USER_PATHS = NO;
				CLANG_ANALYZER_NONNULL = YES;
				CLANG_CXX_LANGUAGE_STANDARD = "gnu++0x";
				CLANG_CXX_LIBRARY = "libc++";
				CLANG_ENABLE_MODULES = YES;
				CLANG_ENABLE_OBJC_ARC = YES;
				CLANG_WARN_BOOL_CONVERSION = YES;
				CLANG_WARN_CONSTANT_CONVERSION = YES;
				CLANG_WARN_DIRECT_OBJC_ISA_USAGE = YES_ERROR;
				CLANG_WARN_DOCUMENTATION_COMMENTS = YES;
				CLANG_WARN_EMPTY_BODY = YES;
				CLANG_WARN_ENUM_CONVERSION = YES;
				CLANG_WARN_INFINITE_RECURSION = YES;
				CLANG_WARN_INT_CONVERSION = YES;
				CLANG_WARN_OBJC_ROOT_CLASS = YES_ERROR;
				CLANG_WARN_SUSPICIOUS_MOVES = YES;
				CLANG_WARN_UNREACHABLE_CODE = YES;
				CLANG_WARN__DUPLICATE_METHOD_MATCH = YES;
				"CODE_SIGN_IDENTITY[sdk=iphoneos*]" = "iPhone Developer";
				COPY_PHASE_STRIP = NO;
				DEBUG_INFORMATION_FORMAT = "dwarf-with-dsym";
				ENABLE_NS_ASSERTIONS = NO;
				ENABLE_STRICT_OBJC_MSGSEND = YES;
				GCC_C_LANGUAGE_STANDARD = gnu99;
				GCC_NO_COMMON_BLOCKS = YES;
				GCC_WARN_64_TO_32_BIT_CONVERSION = YES;
				GCC_WARN_ABOUT_RETURN_TYPE = YES_ERROR;
				GCC_WARN_UNDECLARED_SELECTOR = YES;
				GCC_WARN_UNINITIALIZED_AUTOS = YES_AGGRESSIVE;
				GCC_WARN_UNUSED_FUNCTION = YES;
				GCC_WARN_UNUSED_VARIABLE = YES;
				IPHONEOS_DEPLOYMENT_TARGET = 10.1;
				MTL_ENABLE_DEBUG_INFO = NO;
				SDKROOT = iphoneos;
				SWIFT_OPTIMIZATION_LEVEL = "-Owholemodule";
				TARGETED_DEVICE_FAMILY = "1,2";
				VALIDATE_PRODUCT = YES;
			};
			name = Release;
		};
		801D2BCE1DF0088F00085A02 /* Debug */ = {
			isa = XCBuildConfiguration;
			buildSettings = {
				ASSETCATALOG_COMPILER_APPICON_NAME = AppIcon;
				INFOPLIST_FILE = doesntmatter/Info.plist;
				LD_RUNPATH_SEARCH_PATHS = "$(inherited) @executable_path/Frameworks";
				PRODUCT_BUNDLE_IDENTIFIER = com.mkmk.doesntmatter;
				PRODUCT_NAME = "$(TARGET_NAME)";
				SWIFT_VERSION = 3.0;
			};
			name = Debug;
		};
		801D2BCF1DF0088F00085A02 /* Release */ = {
			isa = XCBuildConfiguration;
			buildSettings = {
				ASSETCATALOG_COMPILER_APPICON_NAME = AppIcon;
				INFOPLIST_FILE = doesntmatter/Info.plist;
				LD_RUNPATH_SEARCH_PATHS = "$(inherited) @executable_path/Frameworks";
				PRODUCT_BUNDLE_IDENTIFIER = com.mkmk.doesntmatter;
				PRODUCT_NAME = "$(TARGET_NAME)";
				SWIFT_VERSION = 3.0;
			};
			name = Release;
		};
/* End XCBuildConfiguration section */

/* Begin XCConfigurationList section */
		801D2BB61DF0088F00085A02 /* Build configuration list for PBXProject "doesntmatter" */ = {
			isa = XCConfigurationList;
			buildConfigurations = (
				801D2BCB1DF0088F00085A02 /* Debug */,
				801D2BCC1DF0088F00085A02 /* Release */,
			);
			defaultConfigurationIsVisible = 0;
			defaultConfigurationName = Release;
		};
		801D2BCD1DF0088F00085A02 /* Build configuration list for PBXNativeTarget "doesntmatter" */ = {
			isa = XCConfigurationList;
			buildConfigurations = (
				801D2BCE1DF0088F00085A02 /* Debug */,
				801D2BCF1DF0088F00085A02 /* Release */,
			);
			defaultConfigurationIsVisible = 0;
		};
/* End XCConfigurationList section */
	};
	rootObject = 801D2BB31DF0088F00085A02 /* Project object */;
}
